// !$*UTF8*$!
{
	archiveVersion = 1;
	classes = {
	};
	objectVersion = 46;
	objects = {

/* Begin PBXBuildFile section */
		F54CFB8C1B5ABFC90017AC26 /* ComponentSwift.swift in Sources */ = {isa = PBXBuildFile; fileRef = F54CFB8B1B5ABFC90017AC26 /* ComponentSwift.swift */; };
		F54CFB8F1B5AC0DE0017AC26 /* ComponentSwiftTests.swift in Sources */ = {isa = PBXBuildFile; fileRef = F54CFB8E1B5AC0DE0017AC26 /* ComponentSwiftTests.swift */; };
		F54CFB901B5AC1C80017AC26 /* ComponentSwift.swift in Sources */ = {isa = PBXBuildFile; fileRef = F54CFB8B1B5ABFC90017AC26 /* ComponentSwift.swift */; };
		F54CFB921B5ACDE30017AC26 /* LabelSwift.swift in Sources */ = {isa = PBXBuildFile; fileRef = F54CFB911B5ACDE30017AC26 /* LabelSwift.swift */; };
		F54CFB951B5ADF290017AC26 /* LabelObjectiveC.m in Sources */ = {isa = PBXBuildFile; fileRef = F54CFB941B5ADF290017AC26 /* LabelObjectiveC.m */; };
		F58537841B5ABA4800DB2AD2 /* main.m in Sources */ = {isa = PBXBuildFile; fileRef = F58537831B5ABA4800DB2AD2 /* main.m */; };
		F58537871B5ABA4800DB2AD2 /* AppDelegate.m in Sources */ = {isa = PBXBuildFile; fileRef = F58537861B5ABA4800DB2AD2 /* AppDelegate.m */; };
		F585378A1B5ABA4800DB2AD2 /* ViewController.m in Sources */ = {isa = PBXBuildFile; fileRef = F58537891B5ABA4800DB2AD2 /* ViewController.m */; };
		F585378D1B5ABA4800DB2AD2 /* Main.storyboard in Resources */ = {isa = PBXBuildFile; fileRef = F585378B1B5ABA4800DB2AD2 /* Main.storyboard */; };
		F585378F1B5ABA4800DB2AD2 /* Assets.xcassets in Resources */ = {isa = PBXBuildFile; fileRef = F585378E1B5ABA4800DB2AD2 /* Assets.xcassets */; };
		F58537921B5ABA4800DB2AD2 /* LaunchScreen.storyboard in Resources */ = {isa = PBXBuildFile; fileRef = F58537901B5ABA4800DB2AD2 /* LaunchScreen.storyboard */; };
		F585379D1B5ABA4800DB2AD2 /* MixedLanugageExampleTests.m in Sources */ = {isa = PBXBuildFile; fileRef = F585379C1B5ABA4800DB2AD2 /* MixedLanugageExampleTests.m */; };
		F58537A81B5ABA4800DB2AD2 /* MixedLanugageExampleUITests.m in Sources */ = {isa = PBXBuildFile; fileRef = F58537A71B5ABA4800DB2AD2 /* MixedLanugageExampleUITests.m */; };
		F58537B71B5ABB7100DB2AD2 /* ComponentObjectiveC.m in Sources */ = {isa = PBXBuildFile; fileRef = F58537B61B5ABB7100DB2AD2 /* ComponentObjectiveC.m */; };
		F58537B91B5ABBAD00DB2AD2 /* ComponentObjectiveCTests.m in Sources */ = {isa = PBXBuildFile; fileRef = F58537B81B5ABBAD00DB2AD2 /* ComponentObjectiveCTests.m */; };
/* End PBXBuildFile section */

/* Begin PBXContainerItemProxy section */
		F58537991B5ABA4800DB2AD2 /* PBXContainerItemProxy */ = {
			isa = PBXContainerItemProxy;
			containerPortal = F58537771B5ABA4800DB2AD2 /* Project object */;
			proxyType = 1;
			remoteGlobalIDString = F585377E1B5ABA4800DB2AD2;
			remoteInfo = MixedLanugageExample;
		};
		F58537A41B5ABA4800DB2AD2 /* PBXContainerItemProxy */ = {
			isa = PBXContainerItemProxy;
			containerPortal = F58537771B5ABA4800DB2AD2 /* Project object */;
			proxyType = 1;
			remoteGlobalIDString = F585377E1B5ABA4800DB2AD2;
			remoteInfo = MixedLanugageExample;
		};
/* End PBXContainerItemProxy section */

/* Begin PBXFileReference section */
		F54CFB8A1B5ABFC80017AC26 /* MixedLanugageExample-Bridging-Header.h */ = {isa = PBXFileReference; lastKnownFileType = sourcecode.c.h; path = "MixedLanugageExample-Bridging-Header.h"; sourceTree = "<group>"; };
		F54CFB8B1B5ABFC90017AC26 /* ComponentSwift.swift */ = {isa = PBXFileReference; fileEncoding = 4; lastKnownFileType = sourcecode.swift; path = ComponentSwift.swift; sourceTree = "<group>"; };
		F54CFB8D1B5AC0DD0017AC26 /* MixedLanugageExampleTests-Bridging-Header.h */ = {isa = PBXFileReference; lastKnownFileType = sourcecode.c.h; path = "MixedLanugageExampleTests-Bridging-Header.h"; sourceTree = "<group>"; };
		F54CFB8E1B5AC0DE0017AC26 /* ComponentSwiftTests.swift */ = {isa = PBXFileReference; fileEncoding = 4; lastKnownFileType = sourcecode.swift; path = ComponentSwiftTests.swift; sourceTree = "<group>"; };
		F54CFB911B5ACDE30017AC26 /* LabelSwift.swift */ = {isa = PBXFileReference; fileEncoding = 4; lastKnownFileType = sourcecode.swift; path = LabelSwift.swift; sourceTree = "<group>"; };
		F54CFB931B5ADF290017AC26 /* LabelObjectiveC.h */ = {isa = PBXFileReference; fileEncoding = 4; lastKnownFileType = sourcecode.c.h; path = LabelObjectiveC.h; sourceTree = "<group>"; };
		F54CFB941B5ADF290017AC26 /* LabelObjectiveC.m */ = {isa = PBXFileReference; fileEncoding = 4; lastKnownFileType = sourcecode.c.objc; path = LabelObjectiveC.m; sourceTree = "<group>"; };
		F585377F1B5ABA4800DB2AD2 /* MixedLanugageExample.app */ = {isa = PBXFileReference; explicitFileType = wrapper.application; includeInIndex = 0; path = MixedLanugageExample.app; sourceTree = BUILT_PRODUCTS_DIR; };
		F58537831B5ABA4800DB2AD2 /* main.m */ = {isa = PBXFileReference; lastKnownFileType = sourcecode.c.objc; path = main.m; sourceTree = "<group>"; };
		F58537851B5ABA4800DB2AD2 /* AppDelegate.h */ = {isa = PBXFileReference; lastKnownFileType = sourcecode.c.h; path = AppDelegate.h; sourceTree = "<group>"; };
		F58537861B5ABA4800DB2AD2 /* AppDelegate.m */ = {isa = PBXFileReference; lastKnownFileType = sourcecode.c.objc; path = AppDelegate.m; sourceTree = "<group>"; };
		F58537881B5ABA4800DB2AD2 /* ViewController.h */ = {isa = PBXFileReference; lastKnownFileType = sourcecode.c.h; path = ViewController.h; sourceTree = "<group>"; };
		F58537891B5ABA4800DB2AD2 /* ViewController.m */ = {isa = PBXFileReference; lastKnownFileType = sourcecode.c.objc; path = ViewController.m; sourceTree = "<group>"; };
		F585378C1B5ABA4800DB2AD2 /* Base */ = {isa = PBXFileReference; lastKnownFileType = file.storyboard; name = Base; path = Base.lproj/Main.storyboard; sourceTree = "<group>"; };
		F585378E1B5ABA4800DB2AD2 /* Assets.xcassets */ = {isa = PBXFileReference; lastKnownFileType = folder.assetcatalog; path = Assets.xcassets; sourceTree = "<group>"; };
		F58537911B5ABA4800DB2AD2 /* Base */ = {isa = PBXFileReference; lastKnownFileType = file.storyboard; name = Base; path = Base.lproj/LaunchScreen.storyboard; sourceTree = "<group>"; };
		F58537931B5ABA4800DB2AD2 /* Info.plist */ = {isa = PBXFileReference; lastKnownFileType = text.plist.xml; path = Info.plist; sourceTree = "<group>"; };
		F58537981B5ABA4800DB2AD2 /* MixedLanugageExampleTests.xctest */ = {isa = PBXFileReference; explicitFileType = wrapper.cfbundle; includeInIndex = 0; path = MixedLanugageExampleTests.xctest; sourceTree = BUILT_PRODUCTS_DIR; };
		F585379C1B5ABA4800DB2AD2 /* MixedLanugageExampleTests.m */ = {isa = PBXFileReference; lastKnownFileType = sourcecode.c.objc; path = MixedLanugageExampleTests.m; sourceTree = "<group>"; };
		F585379E1B5ABA4800DB2AD2 /* Info.plist */ = {isa = PBXFileReference; lastKnownFileType = text.plist.xml; path = Info.plist; sourceTree = "<group>"; };
		F58537A31B5ABA4800DB2AD2 /* MixedLanugageExampleUITests.xctest */ = {isa = PBXFileReference; explicitFileType = wrapper.cfbundle; includeInIndex = 0; path = MixedLanugageExampleUITests.xctest; sourceTree = BUILT_PRODUCTS_DIR; };
		F58537A71B5ABA4800DB2AD2 /* MixedLanugageExampleUITests.m */ = {isa = PBXFileReference; lastKnownFileType = sourcecode.c.objc; path = MixedLanugageExampleUITests.m; sourceTree = "<group>"; };
		F58537A91B5ABA4800DB2AD2 /* Info.plist */ = {isa = PBXFileReference; lastKnownFileType = text.plist.xml; path = Info.plist; sourceTree = "<group>"; };
		F58537B51B5ABB7100DB2AD2 /* ComponentObjectiveC.h */ = {isa = PBXFileReference; fileEncoding = 4; lastKnownFileType = sourcecode.c.h; path = ComponentObjectiveC.h; sourceTree = "<group>"; };
		F58537B61B5ABB7100DB2AD2 /* ComponentObjectiveC.m */ = {isa = PBXFileReference; fileEncoding = 4; lastKnownFileType = sourcecode.c.objc; path = ComponentObjectiveC.m; sourceTree = "<group>"; };
		F58537B81B5ABBAD00DB2AD2 /* ComponentObjectiveCTests.m */ = {isa = PBXFileReference; fileEncoding = 4; lastKnownFileType = sourcecode.c.objc; path = ComponentObjectiveCTests.m; sourceTree = "<group>"; };
/* End PBXFileReference section */

/* Begin PBXFrameworksBuildPhase section */
		F585377C1B5ABA4800DB2AD2 /* Frameworks */ = {
			isa = PBXFrameworksBuildPhase;
			buildActionMask = 2147483647;
			files = (
			);
			runOnlyForDeploymentPostprocessing = 0;
		};
		F58537951B5ABA4800DB2AD2 /* Frameworks */ = {
			isa = PBXFrameworksBuildPhase;
			buildActionMask = 2147483647;
			files = (
			);
			runOnlyForDeploymentPostprocessing = 0;
		};
		F58537A01B5ABA4800DB2AD2 /* Frameworks */ = {
			isa = PBXFrameworksBuildPhase;
			buildActionMask = 2147483647;
			files = (
			);
			runOnlyForDeploymentPostprocessing = 0;
		};
/* End PBXFrameworksBuildPhase section */

/* Begin PBXGroup section */
		F58537761B5ABA4800DB2AD2 = {
			isa = PBXGroup;
			children = (
				F58537811B5ABA4800DB2AD2 /* MixedLanugageExample */,
				F585379B1B5ABA4800DB2AD2 /* MixedLanugageExampleTests */,
				F58537A61B5ABA4800DB2AD2 /* MixedLanugageExampleUITests */,
				F58537801B5ABA4800DB2AD2 /* Products */,
			);
			sourceTree = "<group>";
		};
		F58537801B5ABA4800DB2AD2 /* Products */ = {
			isa = PBXGroup;
			children = (
				F585377F1B5ABA4800DB2AD2 /* MixedLanugageExample.app */,
				F58537981B5ABA4800DB2AD2 /* MixedLanugageExampleTests.xctest */,
				F58537A31B5ABA4800DB2AD2 /* MixedLanugageExampleUITests.xctest */,
			);
			name = Products;
			sourceTree = "<group>";
		};
		F58537811B5ABA4800DB2AD2 /* MixedLanugageExample */ = {
			isa = PBXGroup;
			children = (
				F58537851B5ABA4800DB2AD2 /* AppDelegate.h */,
				F58537861B5ABA4800DB2AD2 /* AppDelegate.m */,
				F58537B51B5ABB7100DB2AD2 /* ComponentObjectiveC.h */,
				F58537B61B5ABB7100DB2AD2 /* ComponentObjectiveC.m */,
				F54CFB8B1B5ABFC90017AC26 /* ComponentSwift.swift */,
				F58537931B5ABA4800DB2AD2 /* Info.plist */,
				F585378B1B5ABA4800DB2AD2 /* Main.storyboard */,
				F58537901B5ABA4800DB2AD2 /* LaunchScreen.storyboard */,
				F54CFB931B5ADF290017AC26 /* LabelObjectiveC.h */,
				F54CFB941B5ADF290017AC26 /* LabelObjectiveC.m */,
				F54CFB911B5ACDE30017AC26 /* LabelSwift.swift */,
				F54CFB8A1B5ABFC80017AC26 /* MixedLanugageExample-Bridging-Header.h */,
				F58537881B5ABA4800DB2AD2 /* ViewController.h */,
				F58537891B5ABA4800DB2AD2 /* ViewController.m */,
				F585378E1B5ABA4800DB2AD2 /* Assets.xcassets */,
				F58537821B5ABA4800DB2AD2 /* Supporting Files */,
			);
			path = MixedLanugageExample;
			sourceTree = "<group>";
		};
		F58537821B5ABA4800DB2AD2 /* Supporting Files */ = {
			isa = PBXGroup;
			children = (
				F58537831B5ABA4800DB2AD2 /* main.m */,
			);
			name = "Supporting Files";
			sourceTree = "<group>";
		};
		F585379B1B5ABA4800DB2AD2 /* MixedLanugageExampleTests */ = {
			isa = PBXGroup;
			children = (
				F585379C1B5ABA4800DB2AD2 /* MixedLanugageExampleTests.m */,
				F585379E1B5ABA4800DB2AD2 /* Info.plist */,
				F58537B81B5ABBAD00DB2AD2 /* ComponentObjectiveCTests.m */,
				F54CFB8E1B5AC0DE0017AC26 /* ComponentSwiftTests.swift */,
				F54CFB8D1B5AC0DD0017AC26 /* MixedLanugageExampleTests-Bridging-Header.h */,
			);
			path = MixedLanugageExampleTests;
			sourceTree = "<group>";
		};
		F58537A61B5ABA4800DB2AD2 /* MixedLanugageExampleUITests */ = {
			isa = PBXGroup;
			children = (
				F58537A71B5ABA4800DB2AD2 /* MixedLanugageExampleUITests.m */,
				F58537A91B5ABA4800DB2AD2 /* Info.plist */,
			);
			path = MixedLanugageExampleUITests;
			sourceTree = "<group>";
		};
/* End PBXGroup section */

/* Begin PBXNativeTarget section */
		F585377E1B5ABA4800DB2AD2 /* MixedLanugageExample */ = {
			isa = PBXNativeTarget;
			buildConfigurationList = F58537AC1B5ABA4800DB2AD2 /* Build configuration list for PBXNativeTarget "MixedLanugageExample" */;
			buildPhases = (
				F585377B1B5ABA4800DB2AD2 /* Sources */,
				F585377C1B5ABA4800DB2AD2 /* Frameworks */,
				F585377D1B5ABA4800DB2AD2 /* Resources */,
			);
			buildRules = (
			);
			dependencies = (
			);
			name = MixedLanugageExample;
			productName = MixedLanugageExample;
			productReference = F585377F1B5ABA4800DB2AD2 /* MixedLanugageExample.app */;
			productType = "com.apple.product-type.application";
		};
		F58537971B5ABA4800DB2AD2 /* MixedLanugageExampleTests */ = {
			isa = PBXNativeTarget;
			buildConfigurationList = F58537AF1B5ABA4800DB2AD2 /* Build configuration list for PBXNativeTarget "MixedLanugageExampleTests" */;
			buildPhases = (
				F58537941B5ABA4800DB2AD2 /* Sources */,
				F58537951B5ABA4800DB2AD2 /* Frameworks */,
				F58537961B5ABA4800DB2AD2 /* Resources */,
			);
			buildRules = (
			);
			dependencies = (
				F585379A1B5ABA4800DB2AD2 /* PBXTargetDependency */,
			);
			name = MixedLanugageExampleTests;
			productName = MixedLanugageExampleTests;
			productReference = F58537981B5ABA4800DB2AD2 /* MixedLanugageExampleTests.xctest */;
			productType = "com.apple.product-type.bundle.unit-test";
		};
		F58537A21B5ABA4800DB2AD2 /* MixedLanugageExampleUITests */ = {
			isa = PBXNativeTarget;
			buildConfigurationList = F58537B21B5ABA4800DB2AD2 /* Build configuration list for PBXNativeTarget "MixedLanugageExampleUITests" */;
			buildPhases = (
				F585379F1B5ABA4800DB2AD2 /* Sources */,
				F58537A01B5ABA4800DB2AD2 /* Frameworks */,
				F58537A11B5ABA4800DB2AD2 /* Resources */,
			);
			buildRules = (
			);
			dependencies = (
				F58537A51B5ABA4800DB2AD2 /* PBXTargetDependency */,
			);
			name = MixedLanugageExampleUITests;
			productName = MixedLanugageExampleUITests;
			productReference = F58537A31B5ABA4800DB2AD2 /* MixedLanugageExampleUITests.xctest */;
			productType = "com.apple.product-type.bundle.ui-testing";
		};
/* End PBXNativeTarget section */

/* Begin PBXProject section */
		F58537771B5ABA4800DB2AD2 /* Project object */ = {
			isa = PBXProject;
			attributes = {
				LastSwiftUpdateCheck = 0700;
				LastUpgradeCheck = 0700;
				ORGANIZATIONNAME = GergelyOrosz;
				TargetAttributes = {
					F585377E1B5ABA4800DB2AD2 = {
						CreatedOnToolsVersion = 7.0;
					};
					F58537971B5ABA4800DB2AD2 = {
						CreatedOnToolsVersion = 7.0;
						TestTargetID = F585377E1B5ABA4800DB2AD2;
					};
					F58537A21B5ABA4800DB2AD2 = {
						CreatedOnToolsVersion = 7.0;
						TestTargetID = F585377E1B5ABA4800DB2AD2;
					};
				};
			};
			buildConfigurationList = F585377A1B5ABA4800DB2AD2 /* Build configuration list for PBXProject "MixedLanugageExample" */;
			compatibilityVersion = "Xcode 3.2";
			developmentRegion = English;
			hasScannedForEncodings = 0;
			knownRegions = (
				en,
				Base,
			);
			mainGroup = F58537761B5ABA4800DB2AD2;
			productRefGroup = F58537801B5ABA4800DB2AD2 /* Products */;
			projectDirPath = "";
			projectRoot = "";
			targets = (
				F585377E1B5ABA4800DB2AD2 /* MixedLanugageExample */,
				F58537971B5ABA4800DB2AD2 /* MixedLanugageExampleTests */,
				F58537A21B5ABA4800DB2AD2 /* MixedLanugageExampleUITests */,
			);
		};
/* End PBXProject section */

/* Begin PBXResourcesBuildPhase section */
		F585377D1B5ABA4800DB2AD2 /* Resources */ = {
			isa = PBXResourcesBuildPhase;
			buildActionMask = 2147483647;
			files = (
				F58537921B5ABA4800DB2AD2 /* LaunchScreen.storyboard in Resources */,
				F585378F1B5ABA4800DB2AD2 /* Assets.xcassets in Resources */,
				F585378D1B5ABA4800DB2AD2 /* Main.storyboard in Resources */,
			);
			runOnlyForDeploymentPostprocessing = 0;
		};
		F58537961B5ABA4800DB2AD2 /* Resources */ = {
			isa = PBXResourcesBuildPhase;
			buildActionMask = 2147483647;
			files = (
			);
			runOnlyForDeploymentPostprocessing = 0;
		};
		F58537A11B5ABA4800DB2AD2 /* Resources */ = {
			isa = PBXResourcesBuildPhase;
			buildActionMask = 2147483647;
			files = (
			);
			runOnlyForDeploymentPostprocessing = 0;
		};
/* End PBXResourcesBuildPhase section */

/* Begin PBXSourcesBuildPhase section */
		F585377B1B5ABA4800DB2AD2 /* Sources */ = {
			isa = PBXSourcesBuildPhase;
			buildActionMask = 2147483647;
			files = (
				F585378A1B5ABA4800DB2AD2 /* ViewController.m in Sources */,
				F58537B71B5ABB7100DB2AD2 /* ComponentObjectiveC.m in Sources */,
				F54CFB951B5ADF290017AC26 /* LabelObjectiveC.m in Sources */,
				F58537871B5ABA4800DB2AD2 /* AppDelegate.m in Sources */,
				F58537841B5ABA4800DB2AD2 /* main.m in Sources */,
				F54CFB921B5ACDE30017AC26 /* LabelSwift.swift in Sources */,
				F54CFB8C1B5ABFC90017AC26 /* ComponentSwift.swift in Sources */,
			);
			runOnlyForDeploymentPostprocessing = 0;
		};
		F58537941B5ABA4800DB2AD2 /* Sources */ = {
			isa = PBXSourcesBuildPhase;
			buildActionMask = 2147483647;
			files = (
				F585379D1B5ABA4800DB2AD2 /* MixedLanugageExampleTests.m in Sources */,
				F54CFB8F1B5AC0DE0017AC26 /* ComponentSwiftTests.swift in Sources */,
				F58537B91B5ABBAD00DB2AD2 /* ComponentObjectiveCTests.m in Sources */,
				F54CFB901B5AC1C80017AC26 /* ComponentSwift.swift in Sources */,
			);
			runOnlyForDeploymentPostprocessing = 0;
		};
		F585379F1B5ABA4800DB2AD2 /* Sources */ = {
			isa = PBXSourcesBuildPhase;
			buildActionMask = 2147483647;
			files = (
				F58537A81B5ABA4800DB2AD2 /* MixedLanugageExampleUITests.m in Sources */,
			);
			runOnlyForDeploymentPostprocessing = 0;
		};
/* End PBXSourcesBuildPhase section */

/* Begin PBXTargetDependency section */
		F585379A1B5ABA4800DB2AD2 /* PBXTargetDependency */ = {
			isa = PBXTargetDependency;
			target = F585377E1B5ABA4800DB2AD2 /* MixedLanugageExample */;
			targetProxy = F58537991B5ABA4800DB2AD2 /* PBXContainerItemProxy */;
		};
		F58537A51B5ABA4800DB2AD2 /* PBXTargetDependency */ = {
			isa = PBXTargetDependency;
			target = F585377E1B5ABA4800DB2AD2 /* MixedLanugageExample */;
			targetProxy = F58537A41B5ABA4800DB2AD2 /* PBXContainerItemProxy */;
		};
/* End PBXTargetDependency section */

/* Begin PBXVariantGroup section */
		F585378B1B5ABA4800DB2AD2 /* Main.storyboard */ = {
			isa = PBXVariantGroup;
			children = (
				F585378C1B5ABA4800DB2AD2 /* Base */,
			);
			name = Main.storyboard;
			sourceTree = "<group>";
		};
		F58537901B5ABA4800DB2AD2 /* LaunchScreen.storyboard */ = {
			isa = PBXVariantGroup;
			children = (
				F58537911B5ABA4800DB2AD2 /* Base */,
			);
			name = LaunchScreen.storyboard;
			sourceTree = "<group>";
		};
/* End PBXVariantGroup section */

/* Begin XCBuildConfiguration section */
		F58537AA1B5ABA4800DB2AD2 /* Debug */ = {
			isa = XCBuildConfiguration;
			buildSettings = {
				ALWAYS_SEARCH_USER_PATHS = NO;
				CLANG_CXX_LANGUAGE_STANDARD = "gnu++0x";
				CLANG_CXX_LIBRARY = "libc++";
				CLANG_ENABLE_MODULES = YES;
				CLANG_ENABLE_OBJC_ARC = YES;
				CLANG_WARN_BOOL_CONVERSION = YES;
				CLANG_WARN_CONSTANT_CONVERSION = YES;
				CLANG_WARN_DIRECT_OBJC_ISA_USAGE = YES_ERROR;
				CLANG_WARN_EMPTY_BODY = YES;
				CLANG_WARN_ENUM_CONVERSION = YES;
				CLANG_WARN_INT_CONVERSION = YES;
				CLANG_WARN_OBJC_ROOT_CLASS = YES_ERROR;
				CLANG_WARN_UNREACHABLE_CODE = YES;
				CLANG_WARN__DUPLICATE_METHOD_MATCH = YES;
				"CODE_SIGN_IDENTITY[sdk=iphoneos*]" = "iPhone Developer";
				COPY_PHASE_STRIP = NO;
				DEBUG_INFORMATION_FORMAT = dwarf;
				ENABLE_STRICT_OBJC_MSGSEND = YES;
				ENABLE_TESTABILITY = YES;
				GCC_C_LANGUAGE_STANDARD = gnu99;
				GCC_DYNAMIC_NO_PIC = NO;
				GCC_NO_COMMON_BLOCKS = YES;
				GCC_OPTIMIZATION_LEVEL = 0;
				GCC_PREPROCESSOR_DEFINITIONS = (
					"DEBUG=1",
					"$(inherited)",
				);
				GCC_WARN_64_TO_32_BIT_CONVERSION = YES;
				GCC_WARN_ABOUT_RETURN_TYPE = YES_ERROR;
				GCC_WARN_UNDECLARED_SELECTOR = YES;
				GCC_WARN_UNINITIALIZED_AUTOS = YES_AGGRESSIVE;
				GCC_WARN_UNUSED_FUNCTION = YES;
				GCC_WARN_UNUSED_VARIABLE = YES;
				IPHONEOS_DEPLOYMENT_TARGET = 9.0;
				MTL_ENABLE_DEBUG_INFO = YES;
				ONLY_ACTIVE_ARCH = YES;
				SDKROOT = iphoneos;
			};
			name = Debug;
		};
		F58537AB1B5ABA4800DB2AD2 /* Release */ = {
			isa = XCBuildConfiguration;
			buildSettings = {
				ALWAYS_SEARCH_USER_PATHS = NO;
				CLANG_CXX_LANGUAGE_STANDARD = "gnu++0x";
				CLANG_CXX_LIBRARY = "libc++";
				CLANG_ENABLE_MODULES = YES;
				CLANG_ENABLE_OBJC_ARC = YES;
				CLANG_WARN_BOOL_CONVERSION = YES;
				CLANG_WARN_CONSTANT_CONVERSION = YES;
				CLANG_WARN_DIRECT_OBJC_ISA_USAGE = YES_ERROR;
				CLANG_WARN_EMPTY_BODY = YES;
				CLANG_WARN_ENUM_CONVERSION = YES;
				CLANG_WARN_INT_CONVERSION = YES;
				CLANG_WARN_OBJC_ROOT_CLASS = YES_ERROR;
				CLANG_WARN_UNREACHABLE_CODE = YES;
				CLANG_WARN__DUPLICATE_METHOD_MATCH = YES;
				"CODE_SIGN_IDENTITY[sdk=iphoneos*]" = "iPhone Developer";
				COPY_PHASE_STRIP = NO;
				DEBUG_INFORMATION_FORMAT = "dwarf-with-dsym";
				ENABLE_NS_ASSERTIONS = NO;
				ENABLE_STRICT_OBJC_MSGSEND = YES;
				GCC_C_LANGUAGE_STANDARD = gnu99;
				GCC_NO_COMMON_BLOCKS = YES;
				GCC_WARN_64_TO_32_BIT_CONVERSION = YES;
				GCC_WARN_ABOUT_RETURN_TYPE = YES_ERROR;
				GCC_WARN_UNDECLARED_SELECTOR = YES;
				GCC_WARN_UNINITIALIZED_AUTOS = YES_AGGRESSIVE;
				GCC_WARN_UNUSED_FUNCTION = YES;
				GCC_WARN_UNUSED_VARIABLE = YES;
				IPHONEOS_DEPLOYMENT_TARGET = 9.0;
				MTL_ENABLE_DEBUG_INFO = NO;
				SDKROOT = iphoneos;
				VALIDATE_PRODUCT = YES;
			};
			name = Release;
		};
		F58537AD1B5ABA4800DB2AD2 /* Debug */ = {
			isa = XCBuildConfiguration;
			buildSettings = {
				ASSETCATALOG_COMPILER_APPICON_NAME = AppIcon;
				CLANG_ENABLE_MODULES = YES;
				DEFINES_MODULE = YES;
				INFOPLIST_FILE = MixedLanugageExample/Info.plist;
				LD_RUNPATH_SEARCH_PATHS = "$(inherited) @executable_path/Frameworks";
				PRODUCT_BUNDLE_IDENTIFIER = com.gergelyorosz.MixedLanugageExample;
				PRODUCT_NAME = "$(TARGET_NAME)";
				SWIFT_OBJC_BRIDGING_HEADER = "MixedLanugageExample/MixedLanugageExample-Bridging-Header.h";
				SWIFT_OPTIMIZATION_LEVEL = "-Onone";
			};
			name = Debug;
		};
		F58537AE1B5ABA4800DB2AD2 /* Release */ = {
			isa = XCBuildConfiguration;
			buildSettings = {
				ASSETCATALOG_COMPILER_APPICON_NAME = AppIcon;
				CLANG_ENABLE_MODULES = YES;
				DEFINES_MODULE = YES;
				INFOPLIST_FILE = MixedLanugageExample/Info.plist;
				LD_RUNPATH_SEARCH_PATHS = "$(inherited) @executable_path/Frameworks";
				PRODUCT_BUNDLE_IDENTIFIER = com.gergelyorosz.MixedLanugageExample;
				PRODUCT_NAME = "$(TARGET_NAME)";
				SWIFT_OBJC_BRIDGING_HEADER = "MixedLanugageExample/MixedLanugageExample-Bridging-Header.h";
			};
			name = Release;
		};
		F58537B01B5ABA4800DB2AD2 /* Debug */ = {
			isa = XCBuildConfiguration;
			buildSettings = {
				BUNDLE_LOADER = "$(TEST_HOST)";
				CLANG_ENABLE_MODULES = YES;
				INFOPLIST_FILE = MixedLanugageExampleTests/Info.plist;
				LD_RUNPATH_SEARCH_PATHS = "$(inherited) @executable_path/Frameworks @loader_path/Frameworks";
				PRODUCT_BUNDLE_IDENTIFIER = com.gergelyorosz.MixedLanugageExampleTests;
				PRODUCT_NAME = "$(TARGET_NAME)";
				SWIFT_OBJC_BRIDGING_HEADER = "MixedLanugageExampleTests/MixedLanugageExampleTests-Bridging-Header.h";
				SWIFT_OPTIMIZATION_LEVEL = "-Onone";
				TEST_HOST = "$(BUILT_PRODUCTS_DIR)/MixedLanugageExample.app/MixedLanugageExample";
			};
			name = Debug;
		};
		F58537B11B5ABA4800DB2AD2 /* Release */ = {
			isa = XCBuildConfiguration;
			buildSettings = {
				BUNDLE_LOADER = "$(TEST_HOST)";
				CLANG_ENABLE_MODULES = YES;
				INFOPLIST_FILE = MixedLanugageExampleTests/Info.plist;
				LD_RUNPATH_SEARCH_PATHS = "$(inherited) @executable_path/Frameworks @loader_path/Frameworks";
				PRODUCT_BUNDLE_IDENTIFIER = com.gergelyorosz.MixedLanugageExampleTests;
				PRODUCT_NAME = "$(TARGET_NAME)";
				SWIFT_OBJC_BRIDGING_HEADER = "MixedLanugageExampleTests/MixedLanugageExampleTests-Bridging-Header.h";
				TEST_HOST = "$(BUILT_PRODUCTS_DIR)/MixedLanugageExample.app/MixedLanugageExample";
			};
			name = Release;
		};
		F58537B31B5ABA4800DB2AD2 /* Debug */ = {
			isa = XCBuildConfiguration;
			buildSettings = {
				INFOPLIST_FILE = MixedLanugageExampleUITests/Info.plist;
				LD_RUNPATH_SEARCH_PATHS = "$(inherited) @executable_path/Frameworks @loader_path/Frameworks";
				PRODUCT_BUNDLE_IDENTIFIER = com.gergelyorosz.MixedLanugageExampleUITests;
				PRODUCT_NAME = "$(TARGET_NAME)";
				TEST_TARGET_NAME = MixedLanugageExample;
				USES_XCTRUNNER = YES;
			};
			name = Debug;
		};
		F58537B41B5ABA4800DB2AD2 /* Release */ = {
			isa = XCBuildConfiguration;
			buildSettings = {
				INFOPLIST_FILE = MixedLanugageExampleUITests/Info.plist;
				LD_RUNPATH_SEARCH_PATHS = "$(inherited) @executable_path/Frameworks @loader_path/Frameworks";
				PRODUCT_BUNDLE_IDENTIFIER = com.gergelyorosz.MixedLanugageExampleUITests;
				PRODUCT_NAME = "$(TARGET_NAME)";
				TEST_TARGET_NAME = MixedLanugageExample;
				USES_XCTRUNNER = YES;
			};
			name = Release;
		};
/* End XCBuildConfiguration section */

/* Begin XCConfigurationList section */
		F585377A1B5ABA4800DB2AD2 /* Build configuration list for PBXProject "MixedLanugageExample" */ = {
			isa = XCConfigurationList;
			buildConfigurations = (
				F58537AA1B5ABA4800DB2AD2 /* Debug */,
				F58537AB1B5ABA4800DB2AD2 /* Release */,
			);
			defaultConfigurationIsVisible = 0;
			defaultConfigurationName = Release;
		};
		F58537AC1B5ABA4800DB2AD2 /* Build configuration list for PBXNativeTarget "MixedLanugageExample" */ = {
			isa = XCConfigurationList;
			buildConfigurations = (
				F58537AD1B5ABA4800DB2AD2 /* Debug */,
				F58537AE1B5ABA4800DB2AD2 /* Release */,
			);
			defaultConfigurationIsVisible = 0;
			defaultConfigurationName = Release;
		};
		F58537AF1B5ABA4800DB2AD2 /* Build configuration list for PBXNativeTarget "MixedLanugageExampleTests" */ = {
			isa = XCConfigurationList;
			buildConfigurations = (
				F58537B01B5ABA4800DB2AD2 /* Debug */,
				F58537B11B5ABA4800DB2AD2 /* Release */,
			);
			defaultConfigurationIsVisible = 0;
			defaultConfigurationName = Release;
		};
		F58537B21B5ABA4800DB2AD2 /* Build configuration list for PBXNativeTarget "MixedLanugageExampleUITests" */ = {
			isa = XCConfigurationList;
			buildConfigurations = (
				F58537B31B5ABA4800DB2AD2 /* Debug */,
				F58537B41B5ABA4800DB2AD2 /* Release */,
			);
			defaultConfigurationIsVisible = 0;
			defaultConfigurationName = Release;
		};
/* End XCConfigurationList section */
	};
	rootObject = F58537771B5ABA4800DB2AD2 /* Project object */;
}
